"@eslint-community/eslint-utils@npm:^4.2.0, @eslint-community/eslint-utils@npm:^4.4.0":
"@eslint-community/regexpp@npm:^4.10.0, @eslint-community/regexpp@npm:^4.4.0":
"@typescript-eslint/eslint-plugin@npm:^7.6.0":
  version: 7.18.0
  resolution: "@typescript-eslint/eslint-plugin@npm:7.18.0"
  dependencies:
    "@eslint-community/regexpp": "npm:^4.10.0"
    "@typescript-eslint/scope-manager": "npm:7.18.0"
    "@typescript-eslint/type-utils": "npm:7.18.0"
    "@typescript-eslint/utils": "npm:7.18.0"
    "@typescript-eslint/visitor-keys": "npm:7.18.0"
    graphemer: "npm:^1.4.0"
    ignore: "npm:^5.3.1"
    natural-compare: "npm:^1.4.0"
    ts-api-utils: "npm:^1.3.0"
  peerDependencies:
    "@typescript-eslint/parser": ^7.0.0
    eslint: ^8.56.0
  peerDependenciesMeta:
    typescript:
      optional: true
  checksum: 2b37948fa1b0dab77138909dabef242a4d49ab93e4019d4ef930626f0a7d96b03e696cd027fa0087881c20e73be7be77c942606b4a76fa599e6b37f6985304c3
  languageName: node
  linkType: hard

"@typescript-eslint/parser@npm:^7.6.0":
  version: 7.18.0
  resolution: "@typescript-eslint/parser@npm:7.18.0"
  dependencies:
    "@typescript-eslint/scope-manager": "npm:7.18.0"
    "@typescript-eslint/types": "npm:7.18.0"
    "@typescript-eslint/typescript-estree": "npm:7.18.0"
    "@typescript-eslint/visitor-keys": "npm:7.18.0"
    debug: "npm:^4.3.4"
  peerDependencies:
    eslint: ^8.56.0
  peerDependenciesMeta:
    typescript:
      optional: true
  checksum: 370e73fca4278091bc1b657f85e7d74cd52b24257ea20c927a8e17546107ce04fbf313fec99aed0cc2a145ddbae1d3b12e9cc2c1320117636dc1281bcfd08059
  languageName: node
  linkType: hard

"@typescript-eslint/scope-manager@npm:7.18.0":
  version: 7.18.0
  resolution: "@typescript-eslint/scope-manager@npm:7.18.0"
  dependencies:
    "@typescript-eslint/types": "npm:7.18.0"
    "@typescript-eslint/visitor-keys": "npm:7.18.0"
  checksum: 038cd58c2271de146b3a594afe2c99290034033326d57ff1f902976022c8b0138ffd3cb893ae439ae41003b5e4bcc00cabf6b244ce40e8668f9412cc96d97b8e
  languageName: node
  linkType: hard

"@typescript-eslint/type-utils@npm:7.18.0":
  version: 7.18.0
  resolution: "@typescript-eslint/type-utils@npm:7.18.0"
  dependencies:
    "@typescript-eslint/typescript-estree": "npm:7.18.0"
    "@typescript-eslint/utils": "npm:7.18.0"
    debug: "npm:^4.3.4"
    ts-api-utils: "npm:^1.3.0"
  peerDependencies:
    eslint: ^8.56.0
  peerDependenciesMeta:
    typescript:
      optional: true
  checksum: ad92a38007be620f3f7036f10e234abdc2fdc518787b5a7227e55fd12896dacf56e8b34578723fbf9bea8128df2510ba8eb6739439a3879eda9519476d5783fd
  languageName: node
  linkType: hard

"@typescript-eslint/types@npm:7.18.0":
  version: 7.18.0
  resolution: "@typescript-eslint/types@npm:7.18.0"
  checksum: eb7371ac55ca77db8e59ba0310b41a74523f17e06f485a0ef819491bc3dd8909bb930120ff7d30aaf54e888167e0005aa1337011f3663dc90fb19203ce478054
  languageName: node
  linkType: hard

"@typescript-eslint/typescript-estree@npm:7.18.0":
  version: 7.18.0
  resolution: "@typescript-eslint/typescript-estree@npm:7.18.0"
  dependencies:
    "@typescript-eslint/types": "npm:7.18.0"
    "@typescript-eslint/visitor-keys": "npm:7.18.0"
    debug: "npm:^4.3.4"
    globby: "npm:^11.1.0"
    is-glob: "npm:^4.0.3"
    minimatch: "npm:^9.0.4"
    semver: "npm:^7.6.0"
    ts-api-utils: "npm:^1.3.0"
  peerDependenciesMeta:
    typescript:
      optional: true
  checksum: 0c7f109a2e460ec8a1524339479cf78ff17814d23c83aa5112c77fb345e87b3642616291908dcddea1e671da63686403dfb712e4a4435104f92abdfddf9aba81
  languageName: node
  linkType: hard

"@typescript-eslint/utils@npm:7.18.0":
  version: 7.18.0
  resolution: "@typescript-eslint/utils@npm:7.18.0"
  dependencies:
    "@eslint-community/eslint-utils": "npm:^4.4.0"
    "@typescript-eslint/scope-manager": "npm:7.18.0"
    "@typescript-eslint/types": "npm:7.18.0"
    "@typescript-eslint/typescript-estree": "npm:7.18.0"
  peerDependencies:
    eslint: ^8.56.0
  checksum: a25a6d50eb45c514469a01ff01f215115a4725fb18401055a847ddf20d1b681409c4027f349033a95c4ff7138d28c3b0a70253dfe8262eb732df4b87c547bd1e
  languageName: node
  linkType: hard

"@typescript-eslint/visitor-keys@npm:7.18.0":
  version: 7.18.0
  resolution: "@typescript-eslint/visitor-keys@npm:7.18.0"
  dependencies:
    "@typescript-eslint/types": "npm:7.18.0"
    eslint-visitor-keys: "npm:^3.4.3"
  checksum: 538b645f8ff1d9debf264865c69a317074eaff0255e63d7407046176b0f6a6beba34a6c51d511f12444bae12a98c69891eb6f403c9f54c6c2e2849d1c1cb73c0
  languageName: node
  linkType: hard

"array-union@npm:^2.1.0":
  version: 2.1.0
  resolution: "array-union@npm:2.1.0"
  checksum: 429897e68110374f39b771ec47a7161fc6a8fc33e196857c0a396dc75df0b5f65e4d046674db764330b6bb66b39ef48dd7c53b6a2ee75cfb0681e0c1a7033962
  languageName: node
  linkType: hard

"dir-glob@npm:^3.0.1":
  version: 3.0.1
  resolution: "dir-glob@npm:3.0.1"
  dependencies:
    path-type: "npm:^4.0.0"
  checksum: dcac00920a4d503e38bb64001acb19df4efc14536ada475725e12f52c16777afdee4db827f55f13a908ee7efc0cb282e2e3dbaeeb98c0993dd93d1802d3bf00c
  languageName: node
  linkType: hard

"fast-glob@npm:^3.2.7, fast-glob@npm:^3.2.9, fast-glob@npm:^3.3.2":
"globby@npm:^11.1.0":
  version: 11.1.0
  resolution: "globby@npm:11.1.0"
  dependencies:
    array-union: "npm:^2.1.0"
    dir-glob: "npm:^3.0.1"
    fast-glob: "npm:^3.2.9"
    ignore: "npm:^5.2.0"
    merge2: "npm:^1.4.1"
    slash: "npm:^3.0.0"
  checksum: b39511b4afe4bd8a7aead3a27c4ade2b9968649abab0a6c28b1a90141b96ca68ca5db1302f7c7bd29eab66bf51e13916b8e0a3d0ac08f75e1e84a39b35691189
  languageName: node
  linkType: hard

"ignore@npm:^5.2.0, ignore@npm:^5.3.1":
    "@typescript-eslint/eslint-plugin": "npm:^7.6.0"
    "@typescript-eslint/parser": "npm:^7.6.0"
"merge2@npm:^1.3.0, merge2@npm:^1.4.1":
"semver@npm:^7.3.5, semver@npm:^7.3.8, semver@npm:^7.5.2, semver@npm:^7.5.4, semver@npm:^7.6.0, semver@npm:^7.6.3":
"slash@npm:^3.0.0":
  version: 3.0.0
  resolution: "slash@npm:3.0.0"
  checksum: e18488c6a42bdfd4ac5be85b2ced3ccd0224773baae6ad42cfbb9ec74fc07f9fa8396bd35ee638084ead7a2a0818eb5e7151111544d4731ce843019dab4be47b
  languageName: node
  linkType: hard

"ts-api-utils@npm:^1.3.0":
  version: 1.4.3
  resolution: "ts-api-utils@npm:1.4.3"
  peerDependencies:
    typescript: ">=4.2.0"
  checksum: e65dc6e7e8141140c23e1dc94984bf995d4f6801919c71d6dc27cf0cd51b100a91ffcfe5217626193e5bea9d46831e8586febdc7e172df3f1091a7384299e23a
  languageName: node
  linkType: hard

